Microsoft Visual Studio Solution File, Format Version 12.00
# Visual Studio Version 17
VisualStudioVersion = 17.5.2.0
MinimumVisualStudioVersion = 10.0.40219.1
Project("{FAE04EC0-301F-11D3-BF4B-00C04F79EFBC}") = "MqttSqlLogger", "MqttSqlLogger\MqttSqlLogger.csproj", "{FC7901F8-5F28-217D-D60F-944C4A730AFB}"
EndProject
Global
	GlobalSection(SolutionConfigurationPlatforms) = preSolution
		Debug|Any CPU = Debug|Any CPU
		Release|Any CPU = Release|Any CPU
	EndGlobalSection
	GlobalSection(ProjectConfigurationPlatforms) = postSolution
		{FC7901F8-5F28-217D-D60F-944C4A730AFB}.Debug|Any CPU.ActiveCfg = Debug|Any CPU
		{FC7901F8-5F28-217D-D60F-944C4A730AFB}.Debug|Any CPU.Build.0 = Debug|Any CPU
		{FC7901F8-5F28-217D-D60F-944C4A730AFB}.Release|Any CPU.ActiveCfg = Release|Any CPU
		{FC7901F8-5F28-217D-D60F-944C4A730AFB}.Release|Any CPU.Build.0 = Release|Any CPU
	EndGlobalSection
	GlobalSection(SolutionProperties) = preSolution
		HideSolutionNode = FALSE
	EndGlobalSection
	GlobalSection(ExtensibilityGlobals) = postSolution
		SolutionGuid = {1D50A501-CCBC-48E3-9DF7-3E2DB9453A21}
	EndGlobalSection
EndGlobal
